// !$*UTF8*$!
{
	archiveVersion = 1;
	classes = {
	};
	objectVersion = 77;
	objects = {

/* Begin PBXBuildFile section */
		B1A00013300B48A300158E78 /* VellureLiveActivity.appex in Embed Foundation Extensions */ = {isa = PBXBuildFile; fileRef = B1A00001300B48A300158E78 /* VellureLiveActivity.appex */; settings = {ATTRIBUTES = (RemoveHeadersOnCopy, ); }; };
/* End PBXBuildFile section */

/* Begin PBXContainerItemProxy section */
		A2FC8348300B48A300158E78 /* PBXContainerItemProxy */ = {
			isa = PBXContainerItemProxy;
			containerPortal = A2FC8332300B48A100158E78 /* Project object */;
			proxyType = 1;
			remoteGlobalIDString = A2FC8339300B48A100158E78;
			remoteInfo = Vellure;
		};
		A2FC8352300B48A300158E78 /* PBXContainerItemProxy */ = {
			isa = PBXContainerItemProxy;
			containerPortal = A2FC8332300B48A100158E78 /* Project object */;
			proxyType = 1;
			remoteGlobalIDString = A2FC8339300B48A100158E78;
			remoteInfo = Vellure;
		};
		B1A00007300B48A300158E78 /* PBXContainerItemProxy */ = {
			isa = PBXContainerItemProxy;
			containerPortal = A2FC8332300B48A100158E78 /* Project object */;
			proxyType = 1;
			remoteGlobalIDString = B1A00006300B48A300158E78;
			remoteInfo = VellureLiveActivity;
		};
/* End PBXContainerItemProxy section */

/* Begin PBXCopyFilesBuildPhase section */
		B1A00009300B48A300158E78 /* Embed Foundation Extensions */ = {
			isa = PBXCopyFilesBuildPhase;
			buildActionMask = 2147483647;
			dstPath = "";
			dstSubfolderSpec = 13;
			files = (
				B1A00013300B48A300158E78 /* VellureLiveActivity.appex in Embed Foundation Extensions */,
			);
			name = "Embed Foundation Extensions";
			runOnlyForDeploymentPostprocessing = 0;
		};
/* End PBXCopyFilesBuildPhase section */

/* Begin PBXFileReference section */
		A2FC833A300B48A100158E78 /* Vellure.app */ = {isa = PBXFileReference; explicitFileType = wrapper.application; includeInIndex = 0; path = Vellure.app; sourceTree = BUILT_PRODUCTS_DIR; };
		A2FC8347300B48A300158E78 /* VellureTests.xctest */ = {isa = PBXFileReference; explicitFileType = wrapper.cfbundle; includeInIndex = 0; path = VellureTests.xctest; sourceTree = BUILT_PRODUCTS_DIR; };
		A2FC8351300B48A300158E78 /* VellureUITests.xctest */ = {isa = PBXFileReference; explicitFileType = wrapper.cfbundle; includeInIndex = 0; path = VellureUITests.xctest; sourceTree = BUILT_PRODUCTS_DIR; };
		B1A00001300B48A300158E78 /* VellureLiveActivity.appex */ = {isa = PBXFileReference; explicitFileType = "wrapper.app-extension"; includeInIndex = 0; path = VellureLiveActivity.appex; sourceTree = BUILT_PRODUCTS_DIR; };
/* End PBXFileReference section */

/* Begin PBXFileSystemSynchronizedRootGroup section */
		A2FC833C300B48A100158E78 /* Vellure */ = {
			isa = PBXFileSystemSynchronizedRootGroup;
			path = Vellure;
			sourceTree = "<group>";
		};
		A2FC834A300B48A300158E78 /* VellureTests */ = {
			isa = PBXFileSystemSynchronizedRootGroup;
			path = VellureTests;
			sourceTree = "<group>";
		};
		A2FC8354300B48A300158E78 /* VellureUITests */ = {
			isa = PBXFileSystemSynchronizedRootGroup;
			path = VellureUITests;
			sourceTree = "<group>";
		};
		B1A00002300B48A300158E78 /* VellureLiveActivity */ = {
			isa = PBXFileSystemSynchronizedRootGroup;
			exceptions = (
				B1A00020300B48A300158E78 /* PBXFileSystemSynchronizedBuildFileExceptionSet */,
			);
			path = VellureLiveActivity;
			sourceTree = "<group>";
		};
/* End PBXFileSystemSynchronizedRootGroup section */

/* Begin PBXFileSystemSynchronizedBuildFileExceptionSet section */
		B1A00020300B48A300158E78 /* PBXFileSystemSynchronizedBuildFileExceptionSet */ = {
			isa = PBXFileSystemSynchronizedBuildFileExceptionSet;
			membershipExceptions = (
				Info.plist,
			);
			target = B1A00006300B48A300158E78 /* VellureLiveActivity */;
		};
/* End PBXFileSystemSynchronizedBuildFileExceptionSet section */

/* Begin PBXFrameworksBuildPhase section */
		A2FC8337300B48A100158E78 /* Frameworks */ = {
			isa = PBXFrameworksBuildPhase;
			buildActionMask = 2147483647;
			files = (
			);
			runOnlyForDeploymentPostprocessing = 0;
		};
		A2FC8344300B48A300158E78 /* Frameworks */ = {
			isa = PBXFrameworksBuildPhase;
			buildActionMask = 2147483647;
			files = (
			);
			runOnlyForDeploymentPostprocessing = 0;
		};
		A2FC834E300B48A300158E78 /* Frameworks */ = {
			isa = PBXFrameworksBuildPhase;
			buildActionMask = 2147483647;
			files = (
			);
			runOnlyForDeploymentPostprocessing = 0;
		};
		B1A00003300B48A300158E78 /* Frameworks */ = {
			isa = PBXFrameworksBuildPhase;
			buildActionMask = 2147483647;
			files = (
			);
			runOnlyForDeploymentPostprocessing = 0;
		};
/* End PBXFrameworksBuildPhase section */

/* Begin PBXGroup section */
		A2FC8331300B48A100158E78 = {
			isa = PBXGroup;
			children = (
				A2FC833C300B48A100158E78 /* Vellure */,
				B1A00002300B48A300158E78 /* VellureLiveActivity */,
				A2FC834A300B48A300158E78 /* VellureTests */,
				A2FC8354300B48A300158E78 /* VellureUITests */,
				A2FC833B300B48A100158E78 /* Products */,
			);
			sourceTree = "<group>";
		};
		A2FC833B300B48A100158E78 /* Products */ = {
			isa = PBXGroup;
			children = (
				A2FC833A300B48A100158E78 /* Vellure.app */,
				B1A00001300B48A300158E78 /* VellureLiveActivity.appex */,
				A2FC8347300B48A300158E78 /* VellureTests.xctest */,
				A2FC8351300B48A300158E78 /* VellureUITests.xctest */,
			);
			name = Products;
			sourceTree = "<group>";
		};
/* End PBXGroup section */

/* Begin PBXNativeTarget section */
		A2FC8339300B48A100158E78 /* Vellure */ = {
			isa = PBXNativeTarget;
			buildConfigurationList = A2FC835B300B48A300158E78 /* Build configuration list for PBXNativeTarget "Vellure" */;
			buildPhases = (
				A2FC8336300B48A100158E78 /* Sources */,
				A2FC8337300B48A100158E78 /* Frameworks */,
				A2FC8338300B48A100158E78 /* Resources */,
				B1A00009300B48A300158E78 /* Embed Foundation Extensions */,
			);
			buildRules = (
			);
			dependencies = (
				B1A00008300B48A300158E78 /* PBXTargetDependency */,
			);
			fileSystemSynchronizedGroups = (
				A2FC833C300B48A100158E78 /* Vellure */,
			);
			name = Vellure;
			packageProductDependencies = (
			);
			productName = Vellure;
			productReference = A2FC833A300B48A100158E78 /* Vellure.app */;
			productType = "com.apple.product-type.application";
		};
		A2FC8346300B48A300158E78 /* VellureTests */ = {
			isa = PBXNativeTarget;
			buildConfigurationList = A2FC835E300B48A300158E78 /* Build configuration list for PBXNativeTarget "VellureTests" */;
			buildPhases = (
				A2FC8343300B48A300158E78 /* Sources */,
				A2FC8344300B48A300158E78 /* Frameworks */,
				A2FC8345300B48A300158E78 /* Resources */,
			);
			buildRules = (
			);
			dependencies = (
				A2FC8349300B48A300158E78 /* PBXTargetDependency */,
			);
			fileSystemSynchronizedGroups = (
				A2FC834A300B48A300158E78 /* VellureTests */,
			);
			name = VellureTests;
			packageProductDependencies = (
			);
			productName = VellureTests;
			productReference = A2FC8347300B48A300158E78 /* VellureTests.xctest */;
			productType = "com.apple.product-type.bundle.unit-test";
		};
		A2FC8350300B48A300158E78 /* VellureUITests */ = {
			isa = PBXNativeTarget;
			buildConfigurationList = A2FC8361300B48A300158E78 /* Build configuration list for PBXNativeTarget "VellureUITests" */;
			buildPhases = (
				A2FC834D300B48A300158E78 /* Sources */,
				A2FC834E300B48A300158E78 /* Frameworks */,
				A2FC834F300B48A300158E78 /* Resources */,
			);
			buildRules = (
			);
			dependencies = (
				A2FC8353300B48A300158E78 /* PBXTargetDependency */,
			);
			fileSystemSynchronizedGroups = (
				A2FC8354300B48A300158E78 /* VellureUITests */,
			);
			name = VellureUITests;
			packageProductDependencies = (
			);
			productName = VellureUITests;
			productReference = A2FC8351300B48A300158E78 /* VellureUITests.xctest */;
			productType = "com.apple.product-type.bundle.ui-testing";
		};
		B1A00006300B48A300158E78 /* VellureLiveActivity */ = {
			isa = PBXNativeTarget;
			buildConfigurationList = B1A00012300B48A300158E78 /* Build configuration list for PBXNativeTarget "VellureLiveActivity" */;
			buildPhases = (
				B1A00005300B48A300158E78 /* Sources */,
				B1A00003300B48A300158E78 /* Frameworks */,
				B1A00004300B48A300158E78 /* Resources */,
			);
			buildRules = (
			);
			dependencies = (
			);
			fileSystemSynchronizedGroups = (
				B1A00002300B48A300158E78 /* VellureLiveActivity */,
			);
			name = VellureLiveActivity;
			packageProductDependencies = (
			);
			productName = VellureLiveActivity;
			productReference = B1A00001300B48A300158E78 /* VellureLiveActivity.appex */;
			productType = "com.apple.product-type.app-extension";
		};
/* End PBXNativeTarget section */

/* Begin PBXProject section */
		A2FC8332300B48A100158E78 /* Project object */ = {
			isa = PBXProject;
			attributes = {
				BuildIndependentTargetsInParallel = 1;
				LastSwiftUpdateCheck = 2640;
				LastUpgradeCheck = 2640;
				TargetAttributes = {
					A2FC8339300B48A100158E78 = {
						CreatedOnToolsVersion = 26.4.1;
					};
					A2FC8346300B48A300158E78 = {
						CreatedOnToolsVersion = 26.4.1;
						TestTargetID = A2FC8339300B48A100158E78;
					};
					A2FC8350300B48A300158E78 = {
						CreatedOnToolsVersion = 26.4.1;
						TestTargetID = A2FC8339300B48A100158E78;
					};
					B1A00006300B48A300158E78 = {
						CreatedOnToolsVersion = 26.4.1;
					};
				};
			};
			buildConfigurationList = A2FC8335300B48A100158E78 /* Build configuration list for PBXProject "Vellure" */;
			developmentRegion = en;
			hasScannedForEncodings = 0;
			knownRegions = (
				en,
				Base,
			);
			mainGroup = A2FC8331300B48A100158E78;
			minimizedProjectReferenceProxies = 1;
			preferredProjectObjectVersion = 77;
			productRefGroup = A2FC833B300B48A100158E78 /* Products */;
			projectDirPath = "";
			projectRoot = "";
			targets = (
				A2FC8339300B48A100158E78 /* Vellure */,
				B1A00006300B48A300158E78 /* VellureLiveActivity */,
				A2FC8346300B48A300158E78 /* VellureTests */,
				A2FC8350300B48A300158E78 /* VellureUITests */,
			);
		};
/* End PBXProject section */

/* Begin PBXResourcesBuildPhase section */
		A2FC8338300B48A100158E78 /* Resources */ = {
			isa = PBXResourcesBuildPhase;
			buildActionMask = 2147483647;
			files = (
			);
			runOnlyForDeploymentPostprocessing = 0;
		};
		A2FC8345300B48A300158E78 /* Resources */ = {
			isa = PBXResourcesBuildPhase;
			buildActionMask = 2147483647;
			files = (
			);
			runOnlyForDeploymentPostprocessing = 0;
		};
		A2FC834F300B48A300158E78 /* Resources */ = {
			isa = PBXResourcesBuildPhase;
			buildActionMask = 2147483647;
			files = (
			);
			runOnlyForDeploymentPostprocessing = 0;
		};
		B1A00004300B48A300158E78 /* Resources */ = {
			isa = PBXResourcesBuildPhase;
			buildActionMask = 2147483647;
			files = (
			);
			runOnlyForDeploymentPostprocessing = 0;
		};
/* End PBXResourcesBuildPhase section */

/* Begin PBXSourcesBuildPhase section */
		A2FC8336300B48A100158E78 /* Sources */ = {
			isa = PBXSourcesBuildPhase;
			buildActionMask = 2147483647;
			files = (
			);
			runOnlyForDeploymentPostprocessing = 0;
		};
		A2FC8343300B48A300158E78 /* Sources */ = {
			isa = PBXSourcesBuildPhase;
			buildActionMask = 2147483647;
			files = (
			);
			runOnlyForDeploymentPostprocessing = 0;
		};
		A2FC834D300B48A300158E78 /* Sources */ = {
			isa = PBXSourcesBuildPhase;
			buildActionMask = 2147483647;
			files = (
			);
			runOnlyForDeploymentPostprocessing = 0;
		};
		B1A00005300B48A300158E78 /* Sources */ = {
			isa = PBXSourcesBuildPhase;
			buildActionMask = 2147483647;
			files = (
			);
			runOnlyForDeploymentPostprocessing = 0;
		};
/* End PBXSourcesBuildPhase section */

/* Begin PBXTargetDependency section */
		A2FC8349300B48A300158E78 /* PBXTargetDependency */ = {
			isa = PBXTargetDependency;
			target = A2FC8339300B48A100158E78 /* Vellure */;
			targetProxy = A2FC8348300B48A300158E78 /* PBXContainerItemProxy */;
		};
		A2FC8353300B48A300158E78 /* PBXTargetDependency */ = {
			isa = PBXTargetDependency;
			target = A2FC8339300B48A100158E78 /* Vellure */;
			targetProxy = A2FC8352300B48A300158E78 /* PBXContainerItemProxy */;
		};
		B1A00008300B48A300158E78 /* PBXTargetDependency */ = {
			isa = PBXTargetDependency;
			target = B1A00006300B48A300158E78 /* VellureLiveActivity */;
			targetProxy = B1A00007300B48A300158E78 /* PBXContainerItemProxy */;
		};
/* End PBXTargetDependency section */

/* Begin XCBuildConfiguration section */
		A2FC8359300B48A300158E78 /* Debug */ = {
			isa = XCBuildConfiguration;
			buildSettings = {
				ALWAYS_SEARCH_USER_PATHS = NO;
				ASSETCATALOG_COMPILER_GENERATE_SWIFT_ASSET_SYMBOL_EXTENSIONS = YES;
				CLANG_ANALYZER_NONNULL = YES;
				CLANG_ANALYZER_NUMBER_OBJECT_CONVERSION = YES_AGGRESSIVE;
				CLANG_CXX_LANGUAGE_STANDARD = "gnu++20";
				CLANG_ENABLE_MODULES = YES;
				CLANG_ENABLE_OBJC_ARC = YES;
				CLANG_ENABLE_OBJC_WEAK = YES;
				CLANG_WARN_BLOCK_CAPTURE_AUTORELEASING = YES;
				CLANG_WARN_BOOL_CONVERSION = YES;
				CLANG_WARN_COMMA = YES;
				CLANG_WARN_CONSTANT_CONVERSION = YES;
				CLANG_WARN_DEPRECATED_OBJC_IMPLEMENTATIONS = YES;
				CLANG_WARN_DIRECT_OBJC_ISA_USAGE = YES_ERROR;
				CLANG_WARN_DOCUMENTATION_COMMENTS = YES;
				CLANG_WARN_EMPTY_BODY = YES;
				CLANG_WARN_ENUM_CONVERSION = YES;
				CLANG_WARN_INFINITE_RECURSION = YES;
				CLANG_WARN_INT_CONVERSION = YES;
				CLANG_WARN_NON_LITERAL_NULL_CONVERSION = YES;
				CLANG_WARN_OBJC_IMPLICIT_RETAIN_SELF = YES;
				CLANG_WARN_OBJC_LITERAL_CONVERSION = YES;
				CLANG_WARN_OBJC_ROOT_CLASS = YES_ERROR;
				CLANG_WARN_QUOTED_INCLUDE_IN_FRAMEWORK_HEADER = YES;
				CLANG_WARN_RANGE_LOOP_ANALYSIS = YES;
				CLANG_WARN_STRICT_PROTOTYPES = YES;
				CLANG_WARN_SUSPICIOUS_MOVE = YES;
				CLANG_WARN_UNGUARDED_AVAILABILITY = YES_AGGRESSIVE;
				CLANG_WARN_UNREACHABLE_CODE = YES;
				CLANG_WARN__DUPLICATE_METHOD_MATCH = YES;
				COPY_PHASE_STRIP = NO;
				DEBUG_INFORMATION_FORMAT = dwarf;
				DEVELOPMENT_TEAM = S3JUP5Z7K9;
				ENABLE_STRICT_OBJC_MSGSEND = YES;
				ENABLE_TESTABILITY = YES;
				ENABLE_USER_SCRIPT_SANDBOXING = YES;
				GCC_C_LANGUAGE_STANDARD = gnu17;
				GCC_DYNAMIC_NO_PIC = NO;
				GCC_NO_COMMON_BLOCKS = YES;
				GCC_OPTIMIZATION_LEVEL = 0;
				GCC_PREPROCESSOR_DEFINITIONS = (
					"DEBUG=1",
					"$(inherited)",
				);
				GCC_WARN_64_TO_32_BIT_CONVERSION = YES;
				GCC_WARN_ABOUT_RETURN_TYPE = YES_ERROR;
				GCC_WARN_UNDECLARED_SELECTOR = YES;
				GCC_WARN_UNINITIALIZED_AUTOS = YES_AGGRESSIVE;
				GCC_WARN_UNUSED_FUNCTION = YES;
				GCC_WARN_UNUSED_VARIABLE = YES;
				IPHONEOS_DEPLOYMENT_TARGET = 17.0;
				LOCALIZATION_PREFERS_STRING_CATALOGS = YES;
				MTL_ENABLE_DEBUG_INFO = INCLUDE_SOURCE;
				MTL_FAST_MATH = YES;
				ONLY_ACTIVE_ARCH = YES;
				SDKROOT = iphoneos;
				SWIFT_ACTIVE_COMPILATION_CONDITIONS = "DEBUG $(inherited)";
				SWIFT_OPTIMIZATION_LEVEL = "-Onone";
			};
			name = Debug;
		};
		A2FC835A300B48A300158E78 /* Release */ = {
			isa = XCBuildConfiguration;
			buildSettings = {
				ALWAYS_SEARCH_USER_PATHS = NO;
				ASSETCATALOG_COMPILER_GENERATE_SWIFT_ASSET_SYMBOL_EXTENSIONS = YES;
				CLANG_ANALYZER_NONNULL = YES;
				CLANG_ANALYZER_NUMBER_OBJECT_CONVERSION = YES_AGGRESSIVE;
				CLANG_CXX_LANGUAGE_STANDARD = "gnu++20";
				CLANG_ENABLE_MODULES = YES;
				CLANG_ENABLE_OBJC_ARC = YES;
				CLANG_ENABLE_OBJC_WEAK = YES;
				CLANG_WARN_BLOCK_CAPTURE_AUTORELEASING = YES;
				CLANG_WARN_BOOL_CONVERSION = YES;
				CLANG_WARN_COMMA = YES;
				CLANG_WARN_CONSTANT_CONVERSION = YES;
				CLANG_WARN_DEPRECATED_OBJC_IMPLEMENTATIONS = YES;
				CLANG_WARN_DIRECT_OBJC_ISA_USAGE = YES_ERROR;
				CLANG_WARN_DOCUMENTATION_COMMENTS = YES;
				CLANG_WARN_EMPTY_BODY = YES;
				CLANG_WARN_ENUM_CONVERSION = YES;
				CLANG_WARN_INFINITE_RECURSION = YES;
				CLANG_WARN_INT_CONVERSION = YES;
				CLANG_WARN_NON_LITERAL_NULL_CONVERSION = YES;
				CLANG_WARN_OBJC_IMPLICIT_RETAIN_SELF = YES;
				CLANG_WARN_OBJC_LITERAL_CONVERSION = YES;
				CLANG_WARN_OBJC_ROOT_CLASS = YES_ERROR;
				CLANG_WARN_QUOTED_INCLUDE_IN_FRAMEWORK_HEADER = YES;
				CLANG_WARN_RANGE_LOOP_ANALYSIS = YES;
				CLANG_WARN_STRICT_PROTOTYPES = YES;
				CLANG_WARN_SUSPICIOUS_MOVE = YES;
				CLANG_WARN_UNGUARDED_AVAILABILITY = YES_AGGRESSIVE;
				CLANG_WARN_UNREACHABLE_CODE = YES;
				CLANG_WARN__DUPLICATE_METHOD_MATCH = YES;
				COPY_PHASE_STRIP = NO;
				DEBUG_INFORMATION_FORMAT = "dwarf-with-dsym";
				DEVELOPMENT_TEAM = S3JUP5Z7K9;
				ENABLE_NS_ASSERTIONS = NO;
				ENABLE_STRICT_OBJC_MSGSEND = YES;
				ENABLE_USER_SCRIPT_SANDBOXING = YES;
				GCC_C_LANGUAGE_STANDARD = gnu17;
				GCC_NO_COMMON_BLOCKS = YES;
				GCC_WARN_64_TO_32_BIT_CONVERSION = YES;
				GCC_WARN_ABOUT_RETURN_TYPE = YES_ERROR;
				GCC_WARN_UNDECLARED_SELECTOR = YES;
				GCC_WARN_UNINITIALIZED_AUTOS = YES_AGGRESSIVE;
				GCC_WARN_UNUSED_FUNCTION = YES;
				GCC_WARN_UNUSED_VARIABLE = YES;
				IPHONEOS_DEPLOYMENT_TARGET = 17.0;
				LOCALIZATION_PREFERS_STRING_CATALOGS = YES;
				MTL_ENABLE_DEBUG_INFO = NO;
				MTL_FAST_MATH = YES;
				SDKROOT = iphoneos;
				SWIFT_COMPILATION_MODE = wholemodule;
				VALIDATE_PRODUCT = YES;
			};
			name = Release;
		};
		A2FC835C300B48A300158E78 /* Debug */ = {
			isa = XCBuildConfiguration;
			buildSettings = {
				ASSETCATALOG_COMPILER_APPICON_NAME = AppIcon;
				ASSETCATALOG_COMPILER_GLOBAL_ACCENT_COLOR_NAME = AccentColor;
				CODE_SIGN_ENTITLEMENTS = Vellure/App/Vellure.entitlements;
				CODE_SIGN_STYLE = Automatic;
				CURRENT_PROJECT_VERSION = 1;
				DEVELOPMENT_TEAM = S3JUP5Z7K9;
				ENABLE_PREVIEWS = YES;
				GENERATE_INFOPLIST_FILE = YES;
				INFOPLIST_KEY_NSSupportsLiveActivities = YES;
				INFOPLIST_KEY_UIApplicationSceneManifest_Generation = YES;
				INFOPLIST_KEY_UIApplicationSupportsIndirectInputEvents = YES;
				INFOPLIST_KEY_UILaunchScreen_Generation = YES;
				INFOPLIST_KEY_UISupportedInterfaceOrientations_iPad = "UIInterfaceOrientationPortrait UIInterfaceOrientationPortraitUpsideDown UIInterfaceOrientationLandscapeLeft UIInterfaceOrientationLandscapeRight";
				INFOPLIST_KEY_UISupportedInterfaceOrientations_iPhone = "UIInterfaceOrientationPortrait UIInterfaceOrientationLandscapeLeft UIInterfaceOrientationLandscapeRight";
				LD_RUNPATH_SEARCH_PATHS = (
					"$(inherited)",
					"@executable_path/Frameworks",
				);
				MARKETING_VERSION = 1.0;
				PRODUCT_BUNDLE_IDENTIFIER = com.uk.Vellure;
				PRODUCT_NAME = "$(TARGET_NAME)";
				STRING_CATALOG_GENERATE_SYMBOLS = YES;
				SWIFT_EMIT_LOC_STRINGS = YES;
				SWIFT_VERSION = 5.0;
				TARGETED_DEVICE_FAMILY = "1,2";
			};
			name = Debug;
		};
		A2FC835D300B48A300158E78 /* Release */ = {
			isa = XCBuildConfiguration;
			buildSettings = {
				ASSETCATALOG_COMPILER_APPICON_NAME = AppIcon;
				ASSETCATALOG_COMPILER_GLOBAL_ACCENT_COLOR_NAME = AccentColor;
				CODE_SIGN_ENTITLEMENTS = Vellure/App/Vellure.entitlements;
				CODE_SIGN_STYLE = Automatic;
				CURRENT_PROJECT_VERSION = 1;
				DEVELOPMENT_TEAM = S3JUP5Z7K9;
				ENABLE_PREVIEWS = YES;
				GENERATE_INFOPLIST_FILE = YES;
				INFOPLIST_KEY_NSSupportsLiveActivities = YES;
				INFOPLIST_KEY_UIApplicationSceneManifest_Generation = YES;
				INFOPLIST_KEY_UIApplicationSupportsIndirectInputEvents = YES;
				INFOPLIST_KEY_UILaunchScreen_Generation = YES;
				INFOPLIST_KEY_UISupportedInterfaceOrientations_iPad = "UIInterfaceOrientationPortrait UIInterfaceOrientationPortraitUpsideDown UIInterfaceOrientationLandscapeLeft UIInterfaceOrientationLandscapeRight";
				INFOPLIST_KEY_UISupportedInterfaceOrientations_iPhone = "UIInterfaceOrientationPortrait UIInterfaceOrientationLandscapeLeft UIInterfaceOrientationLandscapeRight";
				LD_RUNPATH_SEARCH_PATHS = (
					"$(inherited)",
					"@executable_path/Frameworks",
				);
				MARKETING_VERSION = 1.0;
				PRODUCT_BUNDLE_IDENTIFIER = com.uk.Vellure;
				PRODUCT_NAME = "$(TARGET_NAME)";
				STRING_CATALOG_GENERATE_SYMBOLS = YES;
				SWIFT_EMIT_LOC_STRINGS = YES;
				SWIFT_VERSION = 5.0;
				TARGETED_DEVICE_FAMILY = "1,2";
			};
			name = Release;
		};
		A2FC835F300B48A300158E78 /* Debug */ = {
			isa = XCBuildConfiguration;
			buildSettings = {
				BUNDLE_LOADER = "$(TEST_HOST)";
				CODE_SIGN_STYLE = Automatic;
				CURRENT_PROJECT_VERSION = 1;
				DEVELOPMENT_TEAM = S3JUP5Z7K9;
				GENERATE_INFOPLIST_FILE = YES;
				IPHONEOS_DEPLOYMENT_TARGET = 17.0;
				MARKETING_VERSION = 1.0;
				PRODUCT_BUNDLE_IDENTIFIER = com.uk.VellureTests;
				PRODUCT_NAME = "$(TARGET_NAME)";
				STRING_CATALOG_GENERATE_SYMBOLS = NO;
				SWIFT_EMIT_LOC_STRINGS = NO;
				SWIFT_VERSION = 5.0;
				TARGETED_DEVICE_FAMILY = "1,2";
				TEST_HOST = "$(BUILT_PRODUCTS_DIR)/Vellure.app/$(BUNDLE_EXECUTABLE_FOLDER_PATH)/Vellure";
			};
			name = Debug;
		};
		A2FC8360300B48A300158E78 /* Release */ = {
			isa = XCBuildConfiguration;
			buildSettings = {
				BUNDLE_LOADER = "$(TEST_HOST)";
				CODE_SIGN_STYLE = Automatic;
				CURRENT_PROJECT_VERSION = 1;
				DEVELOPMENT_TEAM = S3JUP5Z7K9;
				GENERATE_INFOPLIST_FILE = YES;
				IPHONEOS_DEPLOYMENT_TARGET = 17.0;
				MARKETING_VERSION = 1.0;
				PRODUCT_BUNDLE_IDENTIFIER = com.uk.VellureTests;
				PRODUCT_NAME = "$(TARGET_NAME)";
				STRING_CATALOG_GENERATE_SYMBOLS = NO;
				SWIFT_EMIT_LOC_STRINGS = NO;
				SWIFT_VERSION = 5.0;
				TARGETED_DEVICE_FAMILY = "1,2";
				TEST_HOST = "$(BUILT_PRODUCTS_DIR)/Vellure.app/$(BUNDLE_EXECUTABLE_FOLDER_PATH)/Vellure";
			};
			name = Release;
		};
		A2FC8362300B48A300158E78 /* Debug */ = {
			isa = XCBuildConfiguration;
			buildSettings = {
				CODE_SIGN_STYLE = Automatic;
				CURRENT_PROJECT_VERSION = 1;
				DEVELOPMENT_TEAM = S3JUP5Z7K9;
				GENERATE_INFOPLIST_FILE = YES;
				MARKETING_VERSION = 1.0;
				PRODUCT_BUNDLE_IDENTIFIER = com.uk.VellureUITests;
				PRODUCT_NAME = "$(TARGET_NAME)";
				STRING_CATALOG_GENERATE_SYMBOLS = NO;
				SWIFT_EMIT_LOC_STRINGS = NO;
				SWIFT_VERSION = 5.0;
				TARGETED_DEVICE_FAMILY = "1,2";
				TEST_TARGET_NAME = Vellure;
			};
			name = Debug;
		};
		A2FC8363300B48A300158E78 /* Release */ = {
			isa = XCBuildConfiguration;
			buildSettings = {
				CODE_SIGN_STYLE = Automatic;
				CURRENT_PROJECT_VERSION = 1;
				DEVELOPMENT_TEAM = S3JUP5Z7K9;
				GENERATE_INFOPLIST_FILE = YES;
				MARKETING_VERSION = 1.0;
				PRODUCT_BUNDLE_IDENTIFIER = com.uk.VellureUITests;
				PRODUCT_NAME = "$(TARGET_NAME)";
				STRING_CATALOG_GENERATE_SYMBOLS = NO;
				SWIFT_EMIT_LOC_STRINGS = NO;
				SWIFT_VERSION = 5.0;
				TARGETED_DEVICE_FAMILY = "1,2";
				TEST_TARGET_NAME = Vellure;
			};
			name = Release;
		};
		B1A00010300B48A300158E78 /* Debug */ = {
			isa = XCBuildConfiguration;
			buildSettings = {
				CODE_SIGN_ENTITLEMENTS = VellureLiveActivity/VellureLiveActivity.entitlements;
				CODE_SIGN_STYLE = Automatic;
				CURRENT_PROJECT_VERSION = 1;
				DEVELOPMENT_TEAM = S3JUP5Z7K9;
				GENERATE_INFOPLIST_FILE = NO;
				INFOPLIST_FILE = VellureLiveActivity/Info.plist;
				LD_RUNPATH_SEARCH_PATHS = (
					"$(inherited)",
					"@executable_path/Frameworks",
					"@executable_path/../../Frameworks",
				);
				MARKETING_VERSION = 1.0;
				PRODUCT_BUNDLE_IDENTIFIER = com.uk.Vellure.VellureLiveActivity;
				PRODUCT_NAME = "$(TARGET_NAME)";
				SKIP_INSTALL = YES;
				SWIFT_EMIT_LOC_STRINGS = YES;
				SWIFT_VERSION = 5.0;
				TARGETED_DEVICE_FAMILY = "1,2";
			};
			name = Debug;
		};
		B1A00011300B48A300158E78 /* Release */ = {
			isa = XCBuildConfiguration;
			buildSettings = {
				CODE_SIGN_ENTITLEMENTS = VellureLiveActivity/VellureLiveActivity.entitlements;
				CODE_SIGN_STYLE = Automatic;
				CURRENT_PROJECT_VERSION = 1;
				DEVELOPMENT_TEAM = S3JUP5Z7K9;
				GENERATE_INFOPLIST_FILE = NO;
				INFOPLIST_FILE = VellureLiveActivity/Info.plist;
				LD_RUNPATH_SEARCH_PATHS = (
					"$(inherited)",
					"@executable_path/Frameworks",
					"@executable_path/../../Frameworks",
				);
				MARKETING_VERSION = 1.0;
				PRODUCT_BUNDLE_IDENTIFIER = com.uk.Vellure.VellureLiveActivity;
				PRODUCT_NAME = "$(TARGET_NAME)";
				SKIP_INSTALL = YES;
				SWIFT_EMIT_LOC_STRINGS = YES;
				SWIFT_VERSION = 5.0;
				TARGETED_DEVICE_FAMILY = "1,2";
			};
			name = Release;
		};
/* End XCBuildConfiguration section */

/* Begin XCConfigurationList section */
		A2FC8335300B48A100158E78 /* Build configuration list for PBXProject "Vellure" */ = {
			isa = XCConfigurationList;
			buildConfigurations = (
				A2FC8359300B48A300158E78 /* Debug */,
				A2FC835A300B48A300158E78 /* Release */,
			);
			defaultConfigurationIsVisible = 0;
			defaultConfigurationName = Release;
		};
		A2FC835B300B48A300158E78 /* Build configuration list for PBXNativeTarget "Vellure" */ = {
			isa = XCConfigurationList;
			buildConfigurations = (
				A2FC835C300B48A300158E78 /* Debug */,
				A2FC835D300B48A300158E78 /* Release */,
			);
			defaultConfigurationIsVisible = 0;
			defaultConfigurationName = Release;
		};
		A2FC835E300B48A300158E78 /* Build configuration list for PBXNativeTarget "VellureTests" */ = {
			isa = XCConfigurationList;
			buildConfigurations = (
				A2FC835F300B48A300158E78 /* Debug */,
				A2FC8360300B48A300158E78 /* Release */,
			);
			defaultConfigurationIsVisible = 0;
			defaultConfigurationName = Release;
		};
		A2FC8361300B48A300158E78 /* Build configuration list for PBXNativeTarget "VellureUITests" */ = {
			isa = XCConfigurationList;
			buildConfigurations = (
				A2FC8362300B48A300158E78 /* Debug */,
				A2FC8363300B48A300158E78 /* Release */,
			);
			defaultConfigurationIsVisible = 0;
			defaultConfigurationName = Release;
		};
		B1A00012300B48A300158E78 /* Build configuration list for PBXNativeTarget "VellureLiveActivity" */ = {
			isa = XCConfigurationList;
			buildConfigurations = (
				B1A00010300B48A300158E78 /* Debug */,
				B1A00011300B48A300158E78 /* Release */,
			);
			defaultConfigurationIsVisible = 0;
			defaultConfigurationName = Release;
		};
/* End XCConfigurationList section */
	};
	rootObject = A2FC8332300B48A100158E78 /* Project object */;
}
